
Microsoft Visual Studio Solution File, Format Version 12.00
# Visual Studio 15
VisualStudioVersion = 15.0.27428.2015
MinimumVisualStudioVersion = 10.0.40219.1
Project("{FAE04EC0-301F-11D3-BF4B-00C04F79EFBC}") = "ClientMakina", "ClientMakina\ClientMakina.csproj", "{FEFBEC3C-FFE5-4ECE-8782-A944729821FB}"
EndProject
Project("{FAE04EC0-301F-11D3-BF4B-00C04F79EFBC}") = "ClientKullanici", "ClientKullanici\ClientKullanici.csproj", "{242D12A7-662D-439C-ACD7-00059A1DC337}"
EndProject
Project("{FAE04EC0-301F-11D3-BF4B-00C04F79EFBC}") = "ServerSocket", "ServerSocket\ServerSocket.csproj", "{A8AACC58-F8E0-4A63-83B7-14A77FE778CE}"
EndProject
Global
	GlobalSection(SolutionConfigurationPlatforms) = preSolution
		Debug|Any CPU = Debug|Any CPU
		Release|Any CPU = Release|Any CPU
	EndGlobalSection
	GlobalSection(ProjectConfigurationPlatforms) = postSolution
		{FEFBEC3C-FFE5-4ECE-8782-A944729821FB}.Debug|Any CPU.ActiveCfg = Debug|Any CPU
		{FEFBEC3C-FFE5-4ECE-8782-A944729821FB}.Debug|Any CPU.Build.0 = Debug|Any CPU
		{FEFBEC3C-FFE5-4ECE-8782-A944729821FB}.Release|Any CPU.ActiveCfg = Release|Any CPU
		{FEFBEC3C-FFE5-4ECE-8782-A944729821FB}.Release|Any CPU.Build.0 = Release|Any CPU
		{242D12A7-662D-439C-ACD7-00059A1DC337}.Debug|Any CPU.ActiveCfg = Debug|Any CPU
		{242D12A7-662D-439C-ACD7-00059A1DC337}.Debug|Any CPU.Build.0 = Debug|Any CPU
		{242D12A7-662D-439C-ACD7-00059A1DC337}.Release|Any CPU.ActiveCfg = Release|Any CPU
		{242D12A7-662D-439C-ACD7-00059A1DC337}.Release|Any CPU.Build.0 = Release|Any CPU
		{A8AACC58-F8E0-4A63-83B7-14A77FE778CE}.Debug|Any CPU.ActiveCfg = Debug|Any CPU
		{A8AACC58-F8E0-4A63-83B7-14A77FE778CE}.Debug|Any CPU.Build.0 = Debug|Any CPU
		{A8AACC58-F8E0-4A63-83B7-14A77FE778CE}.Release|Any CPU.ActiveCfg = Release|Any CPU
		{A8AACC58-F8E0-4A63-83B7-14A77FE778CE}.Release|Any CPU.Build.0 = Release|Any CPU
	EndGlobalSection
	GlobalSection(SolutionProperties) = preSolution
		HideSolutionNode = FALSE
	EndGlobalSection
	GlobalSection(ExtensibilityGlobals) = postSolution
		SolutionGuid = {0D12636A-71E9-4AA8-84CE-56FCD0E0C03A}
	EndGlobalSection
EndGlobal
